lockfileVersion: '9.0'

settings:
  autoInstallPeers: true
  excludeLinksFromLockfile: false

importers:

  .:
    dependencies:
      i18next:
        specifier: ^25.3.2
        version: 25.3.2
      i18next-browser-languagedetector:
        specifier: ^8.2.0
        version: 8.2.0
      i18next-http-backend:
        specifier: ^3.0.2
        version: 3.0.2
      react-i18next:
        specifier: ^15.6.0
        version: 15.6.0(i18next@25.3.2)(react@19.1.0)

packages:

  '@babel/runtime@7.27.6':
    resolution: {integrity: sha512-vbavdySgbTTrmFE+EsiqUTzlOr5bzlnJtUv9PynGCAKvfQqjIXbvFdumPM/GxMDfyuGMJaJAU6TO4zc1Jf1i8Q==}
    engines: {node: '>=6.9.0'}

  cross-fetch@4.0.0:
    resolution: {integrity: sha512-e4a5N8lVvuLgAWgnCrLr2PP0YyDOTHa9H/Rj54dirp61qXnNq46m82bRhNqIA5VccJtWBvPTFRV3TtvHUKPB1g==}

  html-parse-stringify@3.0.1:
    resolution: {integrity: sha512-KknJ50kTInJ7qIScF3jeaFRpMpE8/lfiTdzf/twXyPBLAGrLRTmkz3AdTnKeh40X8k9L2fdYwEp/42WGXIRGcg==}

  i18next-browser-languagedetector@8.2.0:
    resolution: {integrity: sha512-P+3zEKLnOF0qmiesW383vsLdtQVyKtCNA9cjSoKCppTKPQVfKd2W8hbVo5ZhNJKDqeM7BOcvNoKJOjpHh4Js9g==}

  i18next-http-backend@3.0.2:
    resolution: {integrity: sha512-PdlvPnvIp4E1sYi46Ik4tBYh/v/NbYfFFgTjkwFl0is8A18s7/bx9aXqsrOax9WUbeNS6mD2oix7Z0yGGf6m5g==}

  i18next@25.3.2:
    resolution: {integrity: sha512-JSnbZDxRVbphc5jiptxr3o2zocy5dEqpVm9qCGdJwRNO+9saUJS0/u4LnM/13C23fUEWxAylPqKU/NpMV/IjqA==}
    peerDependencies:
      typescript: ^5
    peerDependenciesMeta:
      typescript:
        optional: true

  node-fetch@2.7.0:
    resolution: {integrity: sha512-c4FRfUm/dbcWZ7U+1Wq0AwCyFL+3nt2bEw05wfxSz+DWpWsitgmSgYmy2dQdWyKC1694ELPqMs/YzUSNozLt8A==}
    engines: {node: 4.x || >=6.0.0}
    peerDependencies:
      encoding: ^0.1.0
    peerDependenciesMeta:
      encoding:
        optional: true

  react-i18next@15.6.0:
    resolution: {integrity: sha512-W135dB0rDfiFmbMipC17nOhGdttO5mzH8BivY+2ybsQBbXvxWIwl3cmeH3T9d+YPBSJu/ouyJKFJTtkK7rJofw==}
    peerDependencies:
      i18next: '>= 23.2.3'
      react: '>= 16.8.0'
      react-dom: '*'
      react-native: '*'
      typescript: ^5
    peerDependenciesMeta:
      react-dom:
        optional: true
      react-native:
        optional: true
      typescript:
        optional: true

  react@19.1.0:
    resolution: {integrity: sha512-FS+XFBNvn3GTAWq26joslQgWNoFu08F4kl0J4CgdNKADkdSGXQyTCnKteIAJy96Br6YbpEU1LSzV5dYtjMkMDg==}
    engines: {node: '>=0.10.0'}

  tr46@0.0.3:
    resolution: {integrity: sha512-N3WMsuqV66lT30CrXNbEjx4GEwlow3v6rr4mCcv6prnfwhS01rkgyFdjPNBYd9br7LpXV1+Emh01fHnq2Gdgrw==}

  void-elements@3.1.0:
    resolution: {integrity: sha512-Dhxzh5HZuiHQhbvTW9AMetFfBHDMYpo23Uo9btPXgdYP+3T5S+p+jgNy7spra+veYhBP2dCSgxR/i2Y02h5/6w==}
    engines: {node: '>=0.10.0'}

  webidl-conversions@3.0.1:
    resolution: {integrity: sha512-2JAn3z8AR6rjK8Sm8orRC0h/bcl/DqL7tRPdGZ4I1CjdF+EaMLmYxBHyXuKL849eucPFhvBoxMsflfOb8kxaeQ==}

  whatwg-url@5.0.0:
    resolution: {integrity: sha512-saE57nupxk6v3HY35+jzBwYa0rKSy0XR8JSxZPwgLr7ys0IBzhGviA1/TUGJLmSVqs8pb9AnvICXEuOHLprYTw==}

snapshots:

  '@babel/runtime@7.27.6': {}

  cross-fetch@4.0.0:
    dependencies:
      node-fetch: 2.7.0
    transitivePeerDependencies:
      - encoding

  html-parse-stringify@3.0.1:
    dependencies:
      void-elements: 3.1.0

  i18next-browser-languagedetector@8.2.0:
    dependencies:
      '@babel/runtime': 7.27.6

  i18next-http-backend@3.0.2:
    dependencies:
      cross-fetch: 4.0.0
    transitivePeerDependencies:
      - encoding

  i18next@25.3.2:
    dependencies:
      '@babel/runtime': 7.27.6

  node-fetch@2.7.0:
    dependencies:
      whatwg-url: 5.0.0

  react-i18next@15.6.0(i18next@25.3.2)(react@19.1.0):
    dependencies:
      '@babel/runtime': 7.27.6
      html-parse-stringify: 3.0.1
      i18next: 25.3.2
      react: 19.1.0

  react@19.1.0: {}

  tr46@0.0.3: {}

  void-elements@3.1.0: {}

  webidl-conversions@3.0.1: {}

  whatwg-url@5.0.0:
    dependencies:
      tr46: 0.0.3
      webidl-conversions: 3.0.1
